
Microsoft Visual Studio Solution File, Format Version 12.00
Project("{FAE04EC0-301F-11D3-BF4B-00C04F79EFBC}") = "versiebeheerv3", "versiebeheerv3\versiebeheerv3.csproj", "{30C31802-1089-429A-9205-B2C61A9D7518}"
EndProject
Global
	GlobalSection(SolutionConfigurationPlatforms) = preSolution
		Debug|Any CPU = Debug|Any CPU
		Release|Any CPU = Release|Any CPU
	EndGlobalSection
	GlobalSection(ProjectConfigurationPlatforms) = postSolution
		{30C31802-1089-429A-9205-B2C61A9D7518}.Debug|Any CPU.ActiveCfg = Debug|Any CPU
		{30C31802-1089-429A-9205-B2C61A9D7518}.Debug|Any CPU.Build.0 = Debug|Any CPU
		{30C31802-1089-429A-9205-B2C61A9D7518}.Release|Any CPU.ActiveCfg = Release|Any CPU
		{30C31802-1089-429A-9205-B2C61A9D7518}.Release|Any CPU.Build.0 = Release|Any CPU
	EndGlobalSection
EndGlobal
